
Microsoft Visual Studio Solution File, Format Version 12.00
# Visual Studio Version 16
VisualStudioVersion = 16.0.31313.79
MinimumVisualStudioVersion = 10.0.40219.1
Project("{FAE04EC0-301F-11D3-BF4B-00C04F79EFBC}") = "Sprint1", "Sprint1\Sprint1.csproj", "{AFEBDEB5-4B54-4508-8640-17FB0C7A3A69}"
EndProject
Global
	GlobalSection(SolutionConfigurationPlatforms) = preSolution
		Debug|Any CPU = Debug|Any CPU
		Release|Any CPU = Release|Any CPU
	EndGlobalSection
	GlobalSection(ProjectConfigurationPlatforms) = postSolution
		{AFEBDEB5-4B54-4508-8640-17FB0C7A3A69}.Debug|Any CPU.ActiveCfg = Debug|Any CPU
		{AFEBDEB5-4B54-4508-8640-17FB0C7A3A69}.Debug|Any CPU.Build.0 = Debug|Any CPU
		{AFEBDEB5-4B54-4508-8640-17FB0C7A3A69}.Release|Any CPU.ActiveCfg = Release|Any CPU
		{AFEBDEB5-4B54-4508-8640-17FB0C7A3A69}.Release|Any CPU.Build.0 = Release|Any CPU
	EndGlobalSection
	GlobalSection(SolutionProperties) = preSolution
		HideSolutionNode = FALSE
	EndGlobalSection
	GlobalSection(ExtensibilityGlobals) = postSolution
		SolutionGuid = {53171E75-3513-40F3-8471-315AFAAB1900}
	EndGlobalSection
EndGlobal
