
Microsoft Visual Studio Solution File, Format Version 12.00
# Visual Studio Version 16
VisualStudioVersion = 16.0.31313.79
MinimumVisualStudioVersion = 10.0.40219.1
Project("{FAE04EC0-301F-11D3-BF4B-00C04F79EFBC}") = "DemoAPI", "DemoAPI\DemoAPI.csproj", "{48538DB9-5E1C-4979-BB74-A944244C902B}"
EndProject
Global
	GlobalSection(SolutionConfigurationPlatforms) = preSolution
		Debug|Any CPU = Debug|Any CPU
		Release|Any CPU = Release|Any CPU
	EndGlobalSection
	GlobalSection(ProjectConfigurationPlatforms) = postSolution
		{48538DB9-5E1C-4979-BB74-A944244C902B}.Debug|Any CPU.ActiveCfg = Debug|Any CPU
		{48538DB9-5E1C-4979-BB74-A944244C902B}.Debug|Any CPU.Build.0 = Debug|Any CPU
		{48538DB9-5E1C-4979-BB74-A944244C902B}.Release|Any CPU.ActiveCfg = Release|Any CPU
		{48538DB9-5E1C-4979-BB74-A944244C902B}.Release|Any CPU.Build.0 = Release|Any CPU
	EndGlobalSection
	GlobalSection(SolutionProperties) = preSolution
		HideSolutionNode = FALSE
	EndGlobalSection
	GlobalSection(ExtensibilityGlobals) = postSolution
		SolutionGuid = {BC44D5D5-9239-40A3-A3E8-6319FAB9E44C}
	EndGlobalSection
EndGlobal
